// !$*UTF8*$!
{
	archiveVersion = 1;
	classes = {
	};
	objectVersion = 77;
	objects = {

/* Begin PBXContainerItemProxy section */
		108C14102CB4D01700F1AC88 /* PBXContainerItemProxy */ = {
			isa = PBXContainerItemProxy;
			containerPortal = 108C13F72CB4D01600F1AC88 /* Project object */;
			proxyType = 1;
			remoteGlobalIDString = 108C13FE2CB4D01600F1AC88;
			remoteInfo = SafeSwap;
		};
		108C141A2CB4D01700F1AC88 /* PBXContainerItemProxy */ = {
			isa = PBXContainerItemProxy;
			containerPortal = 108C13F72CB4D01600F1AC88 /* Project object */;
			proxyType = 1;
			remoteGlobalIDString = 108C13FE2CB4D01600F1AC88;
			remoteInfo = SafeSwap;
		};
/* End PBXContainerItemProxy section */

/* Begin PBXFileReference section */
		108C13FF2CB4D01600F1AC88 /* SafeSwap.app */ = {isa = PBXFileReference; explicitFileType = wrapper.application; includeInIndex = 0; path = SafeSwap.app; sourceTree = BUILT_PRODUCTS_DIR; };
		108C140F2CB4D01700F1AC88 /* SafeSwapTests.xctest */ = {isa = PBXFileReference; explicitFileType = wrapper.cfbundle; includeInIndex = 0; path = SafeSwapTests.xctest; sourceTree = BUILT_PRODUCTS_DIR; };
		108C14192CB4D01700F1AC88 /* SafeSwapUITests.xctest */ = {isa = PBXFileReference; explicitFileType = wrapper.cfbundle; includeInIndex = 0; path = SafeSwapUITests.xctest; sourceTree = BUILT_PRODUCTS_DIR; };
/* End PBXFileReference section */

/* Begin PBXFileSystemSynchronizedRootGroup section */
		108C14012CB4D01600F1AC88 /* SafeSwap */ = {
			isa = PBXFileSystemSynchronizedRootGroup;
			path = SafeSwap;
			sourceTree = "<group>";
		};
		108C14122CB4D01700F1AC88 /* SafeSwapTests */ = {
			isa = PBXFileSystemSynchronizedRootGroup;
			path = SafeSwapTests;
			sourceTree = "<group>";
		};
		108C141C2CB4D01700F1AC88 /* SafeSwapUITests */ = {
			isa = PBXFileSystemSynchronizedRootGroup;
			path = SafeSwapUITests;
			sourceTree = "<group>";
		};
/* End PBXFileSystemSynchronizedRootGroup section */

/* Begin PBXFrameworksBuildPhase section */
		108C13FC2CB4D01600F1AC88 /* Frameworks */ = {
			isa = PBXFrameworksBuildPhase;
			buildActionMask = 2147483647;
			files = (
			);
			runOnlyForDeploymentPostprocessing = 0;
		};
		108C140C2CB4D01700F1AC88 /* Frameworks */ = {
			isa = PBXFrameworksBuildPhase;
			buildActionMask = 2147483647;
			files = (
			);
			runOnlyForDeploymentPostprocessing = 0;
		};
		108C14162CB4D01700F1AC88 /* Frameworks */ = {
			isa = PBXFrameworksBuildPhase;
			buildActionMask = 2147483647;
			files = (
			);
			runOnlyForDeploymentPostprocessing = 0;
		};
/* End PBXFrameworksBuildPhase section */

/* Begin PBXGroup section */
		108C13F62CB4D01600F1AC88 = {
			isa = PBXGroup;
			children = (
				108C14012CB4D01600F1AC88 /* SafeSwap */,
				108C14122CB4D01700F1AC88 /* SafeSwapTests */,
				108C141C2CB4D01700F1AC88 /* SafeSwapUITests */,
				108C14002CB4D01600F1AC88 /* Products */,
			);
			sourceTree = "<group>";
		};
		108C14002CB4D01600F1AC88 /* Products */ = {
			isa = PBXGroup;
			children = (
				108C13FF2CB4D01600F1AC88 /* SafeSwap.app */,
				108C140F2CB4D01700F1AC88 /* SafeSwapTests.xctest */,
				108C14192CB4D01700F1AC88 /* SafeSwapUITests.xctest */,
			);
			name = Products;
			sourceTree = "<group>";
		};
/* End PBXGroup section */

/* Begin PBXNativeTarget section */
		108C13FE2CB4D01600F1AC88 /* SafeSwap */ = {
			isa = PBXNativeTarget;
			buildConfigurationList = 108C14232CB4D01700F1AC88 /* Build configuration list for PBXNativeTarget "SafeSwap" */;
			buildPhases = (
				108C13FB2CB4D01600F1AC88 /* Sources */,
				108C13FC2CB4D01600F1AC88 /* Frameworks */,
				108C13FD2CB4D01600F1AC88 /* Resources */,
			);
			buildRules = (
			);
			dependencies = (
			);
			fileSystemSynchronizedGroups = (
				108C14012CB4D01600F1AC88 /* SafeSwap */,
			);
			name = SafeSwap;
			packageProductDependencies = (
			);
			productName = SafeSwap;
			productReference = 108C13FF2CB4D01600F1AC88 /* SafeSwap.app */;
			productType = "com.apple.product-type.application";
		};
		108C140E2CB4D01700F1AC88 /* SafeSwapTests */ = {
			isa = PBXNativeTarget;
			buildConfigurationList = 108C14262CB4D01700F1AC88 /* Build configuration list for PBXNativeTarget "SafeSwapTests" */;
			buildPhases = (
				108C140B2CB4D01700F1AC88 /* Sources */,
				108C140C2CB4D01700F1AC88 /* Frameworks */,
				108C140D2CB4D01700F1AC88 /* Resources */,
			);
			buildRules = (
			);
			dependencies = (
				108C14112CB4D01700F1AC88 /* PBXTargetDependency */,
			);
			fileSystemSynchronizedGroups = (
				108C14122CB4D01700F1AC88 /* SafeSwapTests */,
			);
			name = SafeSwapTests;
			packageProductDependencies = (
			);
			productName = SafeSwapTests;
			productReference = 108C140F2CB4D01700F1AC88 /* SafeSwapTests.xctest */;
			productType = "com.apple.product-type.bundle.unit-test";
		};
		108C14182CB4D01700F1AC88 /* SafeSwapUITests */ = {
			isa = PBXNativeTarget;
			buildConfigurationList = 108C14292CB4D01700F1AC88 /* Build configuration list for PBXNativeTarget "SafeSwapUITests" */;
			buildPhases = (
				108C14152CB4D01700F1AC88 /* Sources */,
				108C14162CB4D01700F1AC88 /* Frameworks */,
				108C14172CB4D01700F1AC88 /* Resources */,
			);
			buildRules = (
			);
			dependencies = (
				108C141B2CB4D01700F1AC88 /* PBXTargetDependency */,
			);
			fileSystemSynchronizedGroups = (
				108C141C2CB4D01700F1AC88 /* SafeSwapUITests */,
			);
			name = SafeSwapUITests;
			packageProductDependencies = (
			);
			productName = SafeSwapUITests;
			productReference = 108C14192CB4D01700F1AC88 /* SafeSwapUITests.xctest */;
			productType = "com.apple.product-type.bundle.ui-testing";
		};
/* End PBXNativeTarget section */

/* Begin PBXProject section */
		108C13F72CB4D01600F1AC88 /* Project object */ = {
			isa = PBXProject;
			attributes = {
				BuildIndependentTargetsInParallel = 1;
				LastSwiftUpdateCheck = 1600;
				LastUpgradeCheck = 1600;
				TargetAttributes = {
					108C13FE2CB4D01600F1AC88 = {
						CreatedOnToolsVersion = 16.0;
					};
					108C140E2CB4D01700F1AC88 = {
						CreatedOnToolsVersion = 16.0;
						TestTargetID = 108C13FE2CB4D01600F1AC88;
					};
					108C14182CB4D01700F1AC88 = {
						CreatedOnToolsVersion = 16.0;
						TestTargetID = 108C13FE2CB4D01600F1AC88;
					};
				};
			};
			buildConfigurationList = 108C13FA2CB4D01600F1AC88 /* Build configuration list for PBXProject "SafeSwap" */;
			developmentRegion = en;
			hasScannedForEncodings = 0;
			knownRegions = (
				en,
				Base,
			);
			mainGroup = 108C13F62CB4D01600F1AC88;
			minimizedProjectReferenceProxies = 1;
			preferredProjectObjectVersion = 77;
			productRefGroup = 108C14002CB4D01600F1AC88 /* Products */;
			projectDirPath = "";
			projectRoot = "";
			targets = (
				108C13FE2CB4D01600F1AC88 /* SafeSwap */,
				108C140E2CB4D01700F1AC88 /* SafeSwapTests */,
				108C14182CB4D01700F1AC88 /* SafeSwapUITests */,
			);
		};
/* End PBXProject section */

/* Begin PBXResourcesBuildPhase section */
		108C13FD2CB4D01600F1AC88 /* Resources */ = {
			isa = PBXResourcesBuildPhase;
			buildActionMask = 2147483647;
			files = (
			);
			runOnlyForDeploymentPostprocessing = 0;
		};
		108C140D2CB4D01700F1AC88 /* Resources */ = {
			isa = PBXResourcesBuildPhase;
			buildActionMask = 2147483647;
			files = (
			);
			runOnlyForDeploymentPostprocessing = 0;
		};
		108C14172CB4D01700F1AC88 /* Resources */ = {
			isa = PBXResourcesBuildPhase;
			buildActionMask = 2147483647;
			files = (
			);
			runOnlyForDeploymentPostprocessing = 0;
		};
/* End PBXResourcesBuildPhase section */

/* Begin PBXSourcesBuildPhase section */
		108C13FB2CB4D01600F1AC88 /* Sources */ = {
			isa = PBXSourcesBuildPhase;
			buildActionMask = 2147483647;
			files = (
			);
			runOnlyForDeploymentPostprocessing = 0;
		};
		108C140B2CB4D01700F1AC88 /* Sources */ = {
			isa = PBXSourcesBuildPhase;
			buildActionMask = 2147483647;
			files = (
			);
			runOnlyForDeploymentPostprocessing = 0;
		};
		108C14152CB4D01700F1AC88 /* Sources */ = {
			isa = PBXSourcesBuildPhase;
			buildActionMask = 2147483647;
			files = (
			);
			runOnlyForDeploymentPostprocessing = 0;
		};
/* End PBXSourcesBuildPhase section */

/* Begin PBXTargetDependency section */
		108C14112CB4D01700F1AC88 /* PBXTargetDependency */ = {
			isa = PBXTargetDependency;
			target = 108C13FE2CB4D01600F1AC88 /* SafeSwap */;
			targetProxy = 108C14102CB4D01700F1AC88 /* PBXContainerItemProxy */;
		};
		108C141B2CB4D01700F1AC88 /* PBXTargetDependency */ = {
			isa = PBXTargetDependency;
			target = 108C13FE2CB4D01600F1AC88 /* SafeSwap */;
			targetProxy = 108C141A2CB4D01700F1AC88 /* PBXContainerItemProxy */;
		};
/* End PBXTargetDependency section */

/* Begin XCBuildConfiguration section */
		108C14212CB4D01700F1AC88 /* Debug */ = {
			isa = XCBuildConfiguration;
			buildSettings = {
				ALWAYS_SEARCH_USER_PATHS = NO;
				ASSETCATALOG_COMPILER_GENERATE_SWIFT_ASSET_SYMBOL_EXTENSIONS = YES;
				CLANG_ANALYZER_NONNULL = YES;
				CLANG_ANALYZER_NUMBER_OBJECT_CONVERSION = YES_AGGRESSIVE;
				CLANG_CXX_LANGUAGE_STANDARD = "gnu++20";
				CLANG_ENABLE_MODULES = YES;
				CLANG_ENABLE_OBJC_ARC = YES;
				CLANG_ENABLE_OBJC_WEAK = YES;
				CLANG_WARN_BLOCK_CAPTURE_AUTORELEASING = YES;
				CLANG_WARN_BOOL_CONVERSION = YES;
				CLANG_WARN_COMMA = YES;
				CLANG_WARN_CONSTANT_CONVERSION = YES;
				CLANG_WARN_DEPRECATED_OBJC_IMPLEMENTATIONS = YES;
				CLANG_WARN_DIRECT_OBJC_ISA_USAGE = YES_ERROR;
				CLANG_WARN_DOCUMENTATION_COMMENTS = YES;
				CLANG_WARN_EMPTY_BODY = YES;
				CLANG_WARN_ENUM_CONVERSION = YES;
				CLANG_WARN_INFINITE_RECURSION = YES;
				CLANG_WARN_INT_CONVERSION = YES;
				CLANG_WARN_NON_LITERAL_NULL_CONVERSION = YES;
				CLANG_WARN_OBJC_IMPLICIT_RETAIN_SELF = YES;
				CLANG_WARN_OBJC_LITERAL_CONVERSION = YES;
				CLANG_WARN_OBJC_ROOT_CLASS = YES_ERROR;
				CLANG_WARN_QUOTED_INCLUDE_IN_FRAMEWORK_HEADER = YES;
				CLANG_WARN_RANGE_LOOP_ANALYSIS = YES;
				CLANG_WARN_STRICT_PROTOTYPES = YES;
				CLANG_WARN_SUSPICIOUS_MOVE = YES;
				CLANG_WARN_UNGUARDED_AVAILABILITY = YES_AGGRESSIVE;
				CLANG_WARN_UNREACHABLE_CODE = YES;
				CLANG_WARN__DUPLICATE_METHOD_MATCH = YES;
				COPY_PHASE_STRIP = NO;
				DEBUG_INFORMATION_FORMAT = dwarf;
				ENABLE_STRICT_OBJC_MSGSEND = YES;
				ENABLE_TESTABILITY = YES;
				ENABLE_USER_SCRIPT_SANDBOXING = YES;
				GCC_C_LANGUAGE_STANDARD = gnu17;
				GCC_DYNAMIC_NO_PIC = NO;
				GCC_NO_COMMON_BLOCKS = YES;
				GCC_OPTIMIZATION_LEVEL = 0;
				GCC_PREPROCESSOR_DEFINITIONS = (
					"DEBUG=1",
					"$(inherited)",
				);
				GCC_WARN_64_TO_32_BIT_CONVERSION = YES;
				GCC_WARN_ABOUT_RETURN_TYPE = YES_ERROR;
				GCC_WARN_UNDECLARED_SELECTOR = YES;
				GCC_WARN_UNINITIALIZED_AUTOS = YES_AGGRESSIVE;
				GCC_WARN_UNUSED_FUNCTION = YES;
				GCC_WARN_UNUSED_VARIABLE = YES;
				IPHONEOS_DEPLOYMENT_TARGET = 18.0;
				LOCALIZATION_PREFERS_STRING_CATALOGS = YES;
				MTL_ENABLE_DEBUG_INFO = INCLUDE_SOURCE;
				MTL_FAST_MATH = YES;
				ONLY_ACTIVE_ARCH = YES;
				SDKROOT = iphoneos;
				SWIFT_ACTIVE_COMPILATION_CONDITIONS = "DEBUG $(inherited)";
				SWIFT_OPTIMIZATION_LEVEL = "-Onone";
			};
			name = Debug;
		};
		108C14222CB4D01700F1AC88 /* Release */ = {
			isa = XCBuildConfiguration;
			buildSettings = {
				ALWAYS_SEARCH_USER_PATHS = NO;
				ASSETCATALOG_COMPILER_GENERATE_SWIFT_ASSET_SYMBOL_EXTENSIONS = YES;
				CLANG_ANALYZER_NONNULL = YES;
				CLANG_ANALYZER_NUMBER_OBJECT_CONVERSION = YES_AGGRESSIVE;
				CLANG_CXX_LANGUAGE_STANDARD = "gnu++20";
				CLANG_ENABLE_MODULES = YES;
				CLANG_ENABLE_OBJC_ARC = YES;
				CLANG_ENABLE_OBJC_WEAK = YES;
				CLANG_WARN_BLOCK_CAPTURE_AUTORELEASING = YES;
				CLANG_WARN_BOOL_CONVERSION = YES;
				CLANG_WARN_COMMA = YES;
				CLANG_WARN_CONSTANT_CONVERSION = YES;
				CLANG_WARN_DEPRECATED_OBJC_IMPLEMENTATIONS = YES;
				CLANG_WARN_DIRECT_OBJC_ISA_USAGE = YES_ERROR;
				CLANG_WARN_DOCUMENTATION_COMMENTS = YES;
				CLANG_WARN_EMPTY_BODY = YES;
				CLANG_WARN_ENUM_CONVERSION = YES;
				CLANG_WARN_INFINITE_RECURSION = YES;
				CLANG_WARN_INT_CONVERSION = YES;
				CLANG_WARN_NON_LITERAL_NULL_CONVERSION = YES;
				CLANG_WARN_OBJC_IMPLICIT_RETAIN_SELF = YES;
				CLANG_WARN_OBJC_LITERAL_CONVERSION = YES;
				CLANG_WARN_OBJC_ROOT_CLASS = YES_ERROR;
				CLANG_WARN_QUOTED_INCLUDE_IN_FRAMEWORK_HEADER = YES;
				CLANG_WARN_RANGE_LOOP_ANALYSIS = YES;
				CLANG_WARN_STRICT_PROTOTYPES = YES;
				CLANG_WARN_SUSPICIOUS_MOVE = YES;
				CLANG_WARN_UNGUARDED_AVAILABILITY = YES_AGGRESSIVE;
				CLANG_WARN_UNREACHABLE_CODE = YES;
				CLANG_WARN__DUPLICATE_METHOD_MATCH = YES;
				COPY_PHASE_STRIP = NO;
				DEBUG_INFORMATION_FORMAT = "dwarf-with-dsym";
				ENABLE_NS_ASSERTIONS = NO;
				ENABLE_STRICT_OBJC_MSGSEND = YES;
				ENABLE_USER_SCRIPT_SANDBOXING = YES;
				GCC_C_LANGUAGE_STANDARD = gnu17;
				GCC_NO_COMMON_BLOCKS = YES;
				GCC_WARN_64_TO_32_BIT_CONVERSION = YES;
				GCC_WARN_ABOUT_RETURN_TYPE = YES_ERROR;
				GCC_WARN_UNDECLARED_SELECTOR = YES;
				GCC_WARN_UNINITIALIZED_AUTOS = YES_AGGRESSIVE;
				GCC_WARN_UNUSED_FUNCTION = YES;
				GCC_WARN_UNUSED_VARIABLE = YES;
				IPHONEOS_DEPLOYMENT_TARGET = 18.0;
				LOCALIZATION_PREFERS_STRING_CATALOGS = YES;
				MTL_ENABLE_DEBUG_INFO = NO;
				MTL_FAST_MATH = YES;
				SDKROOT = iphoneos;
				SWIFT_COMPILATION_MODE = wholemodule;
				VALIDATE_PRODUCT = YES;
			};
			name = Release;
		};
		108C14242CB4D01700F1AC88 /* Debug */ = {
			isa = XCBuildConfiguration;
			buildSettings = {
				ASSETCATALOG_COMPILER_APPICON_NAME = AppIcon;
				ASSETCATALOG_COMPILER_GLOBAL_ACCENT_COLOR_NAME = AccentColor;
				CODE_SIGN_STYLE = Automatic;
				CURRENT_PROJECT_VERSION = 1;
				DEVELOPMENT_ASSET_PATHS = "\"SafeSwap/Preview Content\"";
				DEVELOPMENT_TEAM = CTRMD8D99J;
				ENABLE_PREVIEWS = YES;
				GENERATE_INFOPLIST_FILE = YES;
				INFOPLIST_KEY_UIApplicationSceneManifest_Generation = YES;
				INFOPLIST_KEY_UIApplicationSupportsIndirectInputEvents = YES;
				INFOPLIST_KEY_UILaunchScreen_Generation = YES;
				INFOPLIST_KEY_UISupportedInterfaceOrientations_iPad = "UIInterfaceOrientationPortrait UIInterfaceOrientationPortraitUpsideDown UIInterfaceOrientationLandscapeLeft UIInterfaceOrientationLandscapeRight";
				INFOPLIST_KEY_UISupportedInterfaceOrientations_iPhone = "UIInterfaceOrientationPortrait UIInterfaceOrientationLandscapeLeft UIInterfaceOrientationLandscapeRight";
				LD_RUNPATH_SEARCH_PATHS = (
					"$(inherited)",
					"@executable_path/Frameworks",
				);
				MARKETING_VERSION = 1.0;
				PRODUCT_BUNDLE_IDENTIFIER = App.SafeSwap;
				PRODUCT_NAME = "$(TARGET_NAME)";
				SWIFT_EMIT_LOC_STRINGS = YES;
				SWIFT_VERSION = 5.0;
				TARGETED_DEVICE_FAMILY = "1,2";
			};
			name = Debug;
		};
		108C14252CB4D01700F1AC88 /* Release */ = {
			isa = XCBuildConfiguration;
			buildSettings = {
				ASSETCATALOG_COMPILER_APPICON_NAME = AppIcon;
				ASSETCATALOG_COMPILER_GLOBAL_ACCENT_COLOR_NAME = AccentColor;
				CODE_SIGN_STYLE = Automatic;
				CURRENT_PROJECT_VERSION = 1;
				DEVELOPMENT_ASSET_PATHS = "\"SafeSwap/Preview Content\"";
				DEVELOPMENT_TEAM = CTRMD8D99J;
				ENABLE_PREVIEWS = YES;
				GENERATE_INFOPLIST_FILE = YES;
				INFOPLIST_KEY_UIApplicationSceneManifest_Generation = YES;
				INFOPLIST_KEY_UIApplicationSupportsIndirectInputEvents = YES;
				INFOPLIST_KEY_UILaunchScreen_Generation = YES;
				INFOPLIST_KEY_UISupportedInterfaceOrientations_iPad = "UIInterfaceOrientationPortrait UIInterfaceOrientationPortraitUpsideDown UIInterfaceOrientationLandscapeLeft UIInterfaceOrientationLandscapeRight";
				INFOPLIST_KEY_UISupportedInterfaceOrientations_iPhone = "UIInterfaceOrientationPortrait UIInterfaceOrientationLandscapeLeft UIInterfaceOrientationLandscapeRight";
				LD_RUNPATH_SEARCH_PATHS = (
					"$(inherited)",
					"@executable_path/Frameworks",
				);
				MARKETING_VERSION = 1.0;
				PRODUCT_BUNDLE_IDENTIFIER = App.SafeSwap;
				PRODUCT_NAME = "$(TARGET_NAME)";
				SWIFT_EMIT_LOC_STRINGS = YES;
				SWIFT_VERSION = 5.0;
				TARGETED_DEVICE_FAMILY = "1,2";
			};
			name = Release;
		};
		108C14272CB4D01700F1AC88 /* Debug */ = {
			isa = XCBuildConfiguration;
			buildSettings = {
				BUNDLE_LOADER = "$(TEST_HOST)";
				CODE_SIGN_STYLE = Automatic;
				CURRENT_PROJECT_VERSION = 1;
				DEVELOPMENT_TEAM = CTRMD8D99J;
				GENERATE_INFOPLIST_FILE = YES;
				IPHONEOS_DEPLOYMENT_TARGET = 18.0;
				MARKETING_VERSION = 1.0;
				PRODUCT_BUNDLE_IDENTIFIER = App.SafeSwapTests;
				PRODUCT_NAME = "$(TARGET_NAME)";
				SWIFT_EMIT_LOC_STRINGS = NO;
				SWIFT_VERSION = 5.0;
				TARGETED_DEVICE_FAMILY = "1,2";
				TEST_HOST = "$(BUILT_PRODUCTS_DIR)/SafeSwap.app/$(BUNDLE_EXECUTABLE_FOLDER_PATH)/SafeSwap";
			};
			name = Debug;
		};
		108C14282CB4D01700F1AC88 /* Release */ = {
			isa = XCBuildConfiguration;
			buildSettings = {
				BUNDLE_LOADER = "$(TEST_HOST)";
				CODE_SIGN_STYLE = Automatic;
				CURRENT_PROJECT_VERSION = 1;
				DEVELOPMENT_TEAM = CTRMD8D99J;
				GENERATE_INFOPLIST_FILE = YES;
				IPHONEOS_DEPLOYMENT_TARGET = 18.0;
				MARKETING_VERSION = 1.0;
				PRODUCT_BUNDLE_IDENTIFIER = App.SafeSwapTests;
				PRODUCT_NAME = "$(TARGET_NAME)";
				SWIFT_EMIT_LOC_STRINGS = NO;
				SWIFT_VERSION = 5.0;
				TARGETED_DEVICE_FAMILY = "1,2";
				TEST_HOST = "$(BUILT_PRODUCTS_DIR)/SafeSwap.app/$(BUNDLE_EXECUTABLE_FOLDER_PATH)/SafeSwap";
			};
			name = Release;
		};
		108C142A2CB4D01700F1AC88 /* Debug */ = {
			isa = XCBuildConfiguration;
			buildSettings = {
				CODE_SIGN_STYLE = Automatic;
				CURRENT_PROJECT_VERSION = 1;
				DEVELOPMENT_TEAM = CTRMD8D99J;
				GENERATE_INFOPLIST_FILE = YES;
				MARKETING_VERSION = 1.0;
				PRODUCT_BUNDLE_IDENTIFIER = App.SafeSwapUITests;
				PRODUCT_NAME = "$(TARGET_NAME)";
				SWIFT_EMIT_LOC_STRINGS = NO;
				SWIFT_VERSION = 5.0;
				TARGETED_DEVICE_FAMILY = "1,2";
				TEST_TARGET_NAME = SafeSwap;
			};
			name = Debug;
		};
		108C142B2CB4D01700F1AC88 /* Release */ = {
			isa = XCBuildConfiguration;
			buildSettings = {
				CODE_SIGN_STYLE = Automatic;
				CURRENT_PROJECT_VERSION = 1;
				DEVELOPMENT_TEAM = CTRMD8D99J;
				GENERATE_INFOPLIST_FILE = YES;
				MARKETING_VERSION = 1.0;
				PRODUCT_BUNDLE_IDENTIFIER = App.SafeSwapUITests;
				PRODUCT_NAME = "$(TARGET_NAME)";
				SWIFT_EMIT_LOC_STRINGS = NO;
				SWIFT_VERSION = 5.0;
				TARGETED_DEVICE_FAMILY = "1,2";
				TEST_TARGET_NAME = SafeSwap;
			};
			name = Release;
		};
/* End XCBuildConfiguration section */

/* Begin XCConfigurationList section */
		108C13FA2CB4D01600F1AC88 /* Build configuration list for PBXProject "SafeSwap" */ = {
			isa = XCConfigurationList;
			buildConfigurations = (
				108C14212CB4D01700F1AC88 /* Debug */,
				108C14222CB4D01700F1AC88 /* Release */,
			);
			defaultConfigurationIsVisible = 0;
			defaultConfigurationName = Release;
		};
		108C14232CB4D01700F1AC88 /* Build configuration list for PBXNativeTarget "SafeSwap" */ = {
			isa = XCConfigurationList;
			buildConfigurations = (
				108C14242CB4D01700F1AC88 /* Debug */,
				108C14252CB4D01700F1AC88 /* Release */,
			);
			defaultConfigurationIsVisible = 0;
			defaultConfigurationName = Release;
		};
		108C14262CB4D01700F1AC88 /* Build configuration list for PBXNativeTarget "SafeSwapTests" */ = {
			isa = XCConfigurationList;
			buildConfigurations = (
				108C14272CB4D01700F1AC88 /* Debug */,
				108C14282CB4D01700F1AC88 /* Release */,
			);
			defaultConfigurationIsVisible = 0;
			defaultConfigurationName = Release;
		};
		108C14292CB4D01700F1AC88 /* Build configuration list for PBXNativeTarget "SafeSwapUITests" */ = {
			isa = XCConfigurationList;
			buildConfigurations = (
				108C142A2CB4D01700F1AC88 /* Debug */,
				108C142B2CB4D01700F1AC88 /* Release */,
			);
			defaultConfigurationIsVisible = 0;
			defaultConfigurationName = Release;
		};
/* End XCConfigurationList section */
	};
	rootObject = 108C13F72CB4D01600F1AC88 /* Project object */;
}
